{
  "originHash" : "61cd61085fe2a9f2991a05aff3e54ed3541037680e7942eaff0b547a2e2f2464",
  "pins" : [
    {
      "identity" : "colorfulx",
      "kind" : "remoteSourceControl",
      "location" : "https://github.com/Lakr233/ColorfulX.git",
      "state" : {
        "revision" : "bdf19698a9fdd3d2cd3ade4a9434d443b4313b36",
        "version" : "6.1.0"
      }
    },
    {
      "identity" : "colorvector",
      "kind" : "remoteSourceControl",
      "location" : "https://github.com/Lakr233/ColorVector.git",
      "state" : {
        "revision" : "0cd0169f1487d7371ee3fd7fe93f1e918fd93d00",
        "version" : "1.0.5"
      }
    },
    {
      "identity" : "dockprogress",
      "kind" : "remoteSourceControl",
      "location" : "https://github.com/sindresorhus/DockProgress.git",
      "state" : {
        "revision" : "d4f23b5a8f5ca0fac393eb7ba78c2fe3e32e52da",
        "version" : "4.3.1"
      }
    },
    {
      "identity" : "glur",
      "kind" : "remoteSourceControl",
      "location" : "https://github.com/joogps/Glur.git",
      "state" : {
        "revision" : "178af6499ed7957c7f91187fdee2b09d322f5b87",
        "version" : "1.1.0"
      }
    },
    {
      "identity" : "msdisplaylink",
      "kind" : "remoteSourceControl",
      "location" : "https://github.com/Lakr233/MSDisplayLink.git",
      "state" : {
        "revision" : "1ba3e769b734e456317fa7e45321fa7f53eefb67",
        "version" : "2.1.0"
      }
    },
    {
      "identity" : "progress.swift",
      "kind" : "remoteSourceControl",
      "location" : "https://github.com/jkandzi/Progress.swift",
      "state" : {
        "revision" : "fed6598735d7982058690acf8f52a0a5fdaeb3e0",
        "version" : "0.4.0"
      }
    },
    {
      "identity" : "semanticversion",
      "kind" : "remoteSourceControl",
      "location" : "https://github.com/SwiftPackageIndex/SemanticVersion",
      "state" : {
        "revision" : "3b18d75a3cece558fb98e72d7dd5c83394d86d5b",
        "version" : "0.5.1"
      }
    },
    {
      "identity" : "sparkle",
      "kind" : "remoteSourceControl",
      "location" : "https://github.com/sparkle-project/Sparkle",
      "state" : {
        "revision" : "21d8df80440b1ca3b65fa82e40782f1e5a9e6ba2",
        "version" : "2.9.0"
      }
    },
    {
      "identity" : "springinterpolation",
      "kind" : "remoteSourceControl",
      "location" : "https://github.com/Lakr233/SpringInterpolation.git",
      "state" : {
        "revision" : "cdb556516daa9b43c16aae9436dd39e19ff930fd",
        "version" : "1.4.0"
      }
    },
    {
      "identity" : "swift-argument-parser",
      "kind" : "remoteSourceControl",
      "location" : "https://github.com/apple/swift-argument-parser.git",
      "state" : {
        "revision" : "c5d11a805e765f52ba34ec7284bd4fcd6ba68615",
        "version" : "1.7.0"
      }
    },
    {
      "identity" : "swiftui-shimmer",
      "kind" : "remoteSourceControl",
      "location" : "https://github.com/markiv/SwiftUI-Shimmer.git",
      "state" : {
        "revision" : "0226e21f9bf355d40e07e5f5e1c33679d50e167f",
        "version" : "1.5.1"
      }
    },
    {
      "identity" : "swiftyjson",
      "kind" : "remoteSourceControl",
      "location" : "https://github.com/SwiftyJSON/SwiftyJSON.git",
      "state" : {
        "revision" : "af76cf3ef710b6ca5f8c05f3a31307d44a3c5828",
        "version" : "5.0.2"
      }
    },
    {
      "identity" : "swiftytexttable",
      "kind" : "remoteSourceControl",
      "location" : "https://github.com/scottrhoyt/SwiftyTextTable",
      "state" : {
        "revision" : "c6df6cf533d120716bff38f8ff9885e1ce2a4ac3",
        "version" : "0.9.0"
      }
    },
    {
      "identity" : "whatsnewkit",
      "kind" : "remoteSourceControl",
      "location" : "https://github.com/SvenTiigi/WhatsNewKit.git",
      "state" : {
        "revision" : "6157c77e8be9b3d2310bc680681b61a8d9e290ac",
        "version" : "2.2.1"
      }
    }
  ],
  "version" : 3
}
